{
  "nodes": {
    "caveman-src": {
      "flake": false,
      "locked": {
        "lastModified": 1788039956,
        "narHash": "sha256-KuOJYB+HH/vhQLEDOuHEETNUNtHSHdDuxvb5xFjk7Jc=",
        "owner": "juliusbrussee",
        "repo": "caveman",
        "rev": "df2ccd85c94ec3c8289cb62ac020d241ccfb0c60",
        "type": "github"
      },
      "original": {
        "owner": "juliusbrussee",
        "repo": "caveman",
        "type": "github"
      }
    },
    "flake-utils": {
      "inputs": {
        "systems": "systems"
      },
      "locked": {
        "lastModified": 1731533236,
        "narHash": "sha256-l0KFg5HjrsfsO/JpG+r7fRrqm12kzFHyUHqHCVpMMbI=",
        "owner": "numtide",
        "repo": "flake-utils",
        "rev": "11707dc2f618dd54ca8739b309ec4fc024de578b",
        "type": "github"
      },
      "original": {
        "owner": "numtide",
        "repo": "flake-utils",
        "type": "github"
      }
    },
    "frontend-design-src": {
      "flake": false,
      "locked": {
        "lastModified": 1788205609,
        "narHash": "sha256-EUi+70CVtfIQrwMzer+N87ALK5jk3zAN/oAtrU9pqUo=",
        "owner": "anthropics",
        "repo": "claude-code",
        "rev": "f275fa282e76c5e5456912268f2c367a7f4f4797",
        "type": "github"
      },
      "original": {
        "owner": "anthropics",
        "repo": "claude-code",
        "type": "github"
      }
    },
    "nixpkgs": {
      "locked": {
        "lastModified": 1788039129,
        "narHash": "sha256-pa4Q0qErvCvzCaaUph7Sm37RhR4xvPrYI8Lgz6k85+A=",
        "owner": "nixos",
        "repo": "nixpkgs",
        "rev": "d2f67949798825fe853f7c5d0492b8bf016d3f88",
        "type": "github"
      },
      "original": {
        "owner": "nixos",
        "ref": "nixos-unstable",
        "repo": "nixpkgs",
        "type": "github"
      }
    },
    "root": {
      "inputs": {
        "caveman-src": "caveman-src",
        "flake-utils": "flake-utils",
        "frontend-design-src": "frontend-design-src",
        "nixpkgs": "nixpkgs"
      }
    },
    "systems": {
      "locked": {
        "lastModified": 1681028828,
        "narHash": "sha256-Vy1rq5AaRuLzOxct8nz4T6wlgyUR7zLU309k9mBC768=",
        "owner": "nix-systems",
        "repo": "default",
        "rev": "da67096a3b9bf56a91d16901293e51ba5b49a27e",
        "type": "github"
      },
      "original": {
        "owner": "nix-systems",
        "repo": "default",
        "type": "github"
      }
    }
  },
  "root": "root",
  "version": 7
}
